
Microsoft Visual Studio Solution File, Format Version 12.00
# Visual Studio 14
VisualStudioVersion = 14.0.25123.0
MinimumVisualStudioVersion = 10.0.40219.1
Project("{FAE04EC0-301F-11D3-BF4B-00C04F79EFBC}") = "PTC", "PTC\PTC.csproj", "{1FD992BF-A249-41AB-B91A-AB550C94F4B6}"
EndProject
Project("{FAE04EC0-301F-11D3-BF4B-00C04F79EFBC}") = "PTCData", "PTCData\PTCData.csproj", "{1B19AF38-F043-4054-A7E2-1D91EE1760F5}"
EndProject
Project("{FAE04EC0-301F-11D3-BF4B-00C04F79EFBC}") = "PTCCommon", "PTCCommon\PTCCommon.csproj", "{A5286F91-3D82-4390-B32C-CDC417A65966}"
EndProject
Global
	GlobalSection(SolutionConfigurationPlatforms) = preSolution
		Debug|Any CPU = Debug|Any CPU
		Release|Any CPU = Release|Any CPU
	EndGlobalSection
	GlobalSection(ProjectConfigurationPlatforms) = postSolution
		{1FD992BF-A249-41AB-B91A-AB550C94F4B6}.Debug|Any CPU.ActiveCfg = Debug|Any CPU
		{1FD992BF-A249-41AB-B91A-AB550C94F4B6}.Debug|Any CPU.Build.0 = Debug|Any CPU
		{1FD992BF-A249-41AB-B91A-AB550C94F4B6}.Release|Any CPU.ActiveCfg = Release|Any CPU
		{1FD992BF-A249-41AB-B91A-AB550C94F4B6}.Release|Any CPU.Build.0 = Release|Any CPU
		{1B19AF38-F043-4054-A7E2-1D91EE1760F5}.Debug|Any CPU.ActiveCfg = Debug|Any CPU
		{1B19AF38-F043-4054-A7E2-1D91EE1760F5}.Debug|Any CPU.Build.0 = Debug|Any CPU
		{1B19AF38-F043-4054-A7E2-1D91EE1760F5}.Release|Any CPU.ActiveCfg = Release|Any CPU
		{1B19AF38-F043-4054-A7E2-1D91EE1760F5}.Release|Any CPU.Build.0 = Release|Any CPU
		{A5286F91-3D82-4390-B32C-CDC417A65966}.Debug|Any CPU.ActiveCfg = Debug|Any CPU
		{A5286F91-3D82-4390-B32C-CDC417A65966}.Debug|Any CPU.Build.0 = Debug|Any CPU
		{A5286F91-3D82-4390-B32C-CDC417A65966}.Release|Any CPU.ActiveCfg = Release|Any CPU
		{A5286F91-3D82-4390-B32C-CDC417A65966}.Release|Any CPU.Build.0 = Release|Any CPU
	EndGlobalSection
	GlobalSection(SolutionProperties) = preSolution
		HideSolutionNode = FALSE
	EndGlobalSection
EndGlobal
